{"format_version":"1.2","terraform_version":"1.9.7","variables":{"aws_region":{"value":"us-west-2"},"bucket_name_prefix":{"value":"terraform-workspace-demo"}},"planned_values":{"outputs":{"bucket_name":{"sensitive":false},"workspace_name":{"sensitive":false,"type":"string","value":"default"}},"root_module":{"resources":[{"address":"aws_s3_bucket.example","mode":"managed","type":"aws_s3_bucket","name":"example","provider_name":"registry.terraform.io/hashicorp/aws","schema_version":0,"values":{"bucket":"terraform-workspace-demo-default","force_destroy":false,"tags":null,"timeouts":null},"sensitive_values":{"cors_rule":[],"grant":[],"lifecycle_rule":[],"logging":[],"object_lock_configuration":[],"replication_configuration":[],"server_side_encryption_configuration":[],"tags_all":{},"versioning":[],"website":[]}},{"address":"aws_s3_bucket_versioning.example","mode":"managed","type":"aws_s3_bucket_versioning","name":"example","provider_name":"registry.terraform.io/hashicorp/aws","schema_version":0,"values":{"expected_bucket_owner":null,"mfa":null,"versioning_configuration":[{"status":"Disabled"}]},"sensitive_values":{"versioning_configuration":[{}]}}]}},"resource_changes":[{"address":"aws_s3_bucket.example","mode":"managed","type":"aws_s3_bucket","name":"example","provider_name":"registry.terraform.io/hashicorp/aws","change":{"actions":["create"],"before":null,"after":{"bucket":"terraform-workspace-demo-default","force_destroy":false,"tags":null,"timeouts":null},"after_unknown":{"acceleration_status":true,"acl":true,"arn":true,"bucket_domain_name":true,"bucket_prefix":true,"bucket_regional_domain_name":true,"cors_rule":true,"grant":true,"hosted_zone_id":true,"id":true,"lifecycle_rule":true,"logging":true,"object_lock_configuration":true,"object_lock_enabled":true,"policy":true,"region":true,"replication_configuration":true,"request_payer":true,"server_side_encryption_configuration":true,"tags_all":true,"versioning":true,"website":true,"website_domain":true,"website_endpoint":true},"before_sensitive":false,"after_sensitive":{"cors_rule":[],"grant":[],"lifecycle_rule":[],"logging":[],"object_lock_configuration":[],"replication_configuration":[],"server_side_encryption_configuration":[],"tags_all":{},"versioning":[],"website":[]}}},{"address":"aws_s3_bucket_versioning.example","mode":"managed","type":"aws_s3_bucket_versioning","name":"example","provider_name":"registry.terraform.io/hashicorp/aws","change":{"actions":["create"],"before":null,"after":{"expected_bucket_owner":null,"mfa":null,"versioning_configuration":[{"status":"Disabled"}]},"after_unknown":{"bucket":true,"id":true,"versioning_configuration":[{"mfa_delete":true}]},"before_sensitive":false,"after_sensitive":{"versioning_configuration":[{}]}}}],"output_changes":{"bucket_name":{"actions":["create"],"before":null,"after_unknown":true,"before_sensitive":false,"after_sensitive":false},"workspace_name":{"actions":["create"],"before":null,"after":"default","after_unknown":false,"before_sensitive":false,"after_sensitive":false}},"prior_state":{"format_version":"1.0","terraform_version":"1.9.7","values":{"outputs":{"workspace_name":{"sensitive":false,"value":"default","type":"string"}},"root_module":{}}},"configuration":{"provider_config":{"aws":{"name":"aws","full_name":"registry.terraform.io/hashicorp/aws","version_constraint":"~\u003e 5.0","expressions":{"region":{"references":["var.aws_region"]}}}},"root_module":{"outputs":{"bucket_name":{"expression":{"references":["aws_s3_bucket.example.id","aws_s3_bucket.example"]}},"workspace_name":{"expression":{"references":["terraform.workspace"]}}},"resources":[{"address":"aws_s3_bucket.example","mode":"managed","type":"aws_s3_bucket","name":"example","provider_config_key":"aws","expressions":{"bucket":{"references":["var.bucket_name_prefix","terraform.workspace"]}},"schema_version":0},{"address":"aws_s3_bucket_versioning.example","mode":"managed","type":"aws_s3_bucket_versioning","name":"example","provider_config_key":"aws","expressions":{"bucket":{"references":["aws_s3_bucket.example.id","aws_s3_bucket.example"]},"versioning_configuration":[{"status":{"references":["terraform.workspace"]}}]},"schema_version":0}],"variables":{"aws_region":{"default":"us-west-2","description":"AWS region"},"bucket_name_prefix":{"default":"terraform-workspace-demo","description":"Prefix for the S3 bucket name"}}}},"relevant_attributes":[{"resource":"aws_s3_bucket.example","attribute":["id"]}],"timestamp":"2025-04-28T00:06:59Z","applyable":true,"complete":true,"errored":false}
